// !$*UTF8*$!
{
	archiveVersion = 1;
	classes = {
	};
	objectVersion = 55;
	objects = {

/* Begin PBXBuildFile section */
		7647AD6527900704001B6308 /* SimpleBillApp.swift in Sources */ = {isa = PBXBuildFile; fileRef = 7647AD6427900704001B6308 /* SimpleBillApp.swift */; };
		7647AD6727900704001B6308 /* ContentView.swift in Sources */ = {isa = PBXBuildFile; fileRef = 7647AD6627900704001B6308 /* ContentView.swift */; };
		7647AD6927900706001B6308 /* Assets.xcassets in Resources */ = {isa = PBXBuildFile; fileRef = 7647AD6827900706001B6308 /* Assets.xcassets */; };
		7647AD6C27900706001B6308 /* Preview Assets.xcassets in Resources */ = {isa = PBXBuildFile; fileRef = 7647AD6B27900706001B6308 /* Preview Assets.xcassets */; };
		7647AD6E27900706001B6308 /* Persistence.swift in Sources */ = {isa = PBXBuildFile; fileRef = 7647AD6D27900706001B6308 /* Persistence.swift */; };
		7647AD7127900706001B6308 /* SimpleBill.xcdatamodeld in Sources */ = {isa = PBXBuildFile; fileRef = 7647AD6F27900706001B6308 /* SimpleBill.xcdatamodeld */; };
		7647AD7B27900706001B6308 /* SimpleBillTests.swift in Sources */ = {isa = PBXBuildFile; fileRef = 7647AD7A27900706001B6308 /* SimpleBillTests.swift */; };
		7647AD8527900706001B6308 /* SimpleBillUITests.swift in Sources */ = {isa = PBXBuildFile; fileRef = 7647AD8427900706001B6308 /* SimpleBillUITests.swift */; };
		7647AD8727900706001B6308 /* SimpleBillUITestsLaunchTests.swift in Sources */ = {isa = PBXBuildFile; fileRef = 7647AD8627900706001B6308 /* SimpleBillUITestsLaunchTests.swift */; };
		7647AD9627900920001B6308 /* WriteOneBill.swift in Sources */ = {isa = PBXBuildFile; fileRef = 7647AD9527900920001B6308 /* WriteOneBill.swift */; };
		7647AD982790092E001B6308 /* ReadBill.swift in Sources */ = {isa = PBXBuildFile; fileRef = 7647AD972790092E001B6308 /* ReadBill.swift */; };
		7647AD9A27900946001B6308 /* BillData.swift in Sources */ = {isa = PBXBuildFile; fileRef = 7647AD9927900946001B6308 /* BillData.swift */; };
		7647AD9C27900973001B6308 /* TopMainCardView.swift in Sources */ = {isa = PBXBuildFile; fileRef = 7647AD9B27900973001B6308 /* TopMainCardView.swift */; };
		7647AD9E279009A6001B6308 /* BillCellView.swift in Sources */ = {isa = PBXBuildFile; fileRef = 7647AD9D279009A6001B6308 /* BillCellView.swift */; };
		7647ADA027900A28001B6308 /* HomeView.swift in Sources */ = {isa = PBXBuildFile; fileRef = 7647AD9F27900A28001B6308 /* HomeView.swift */; };
		7647ADA627900B13001B6308 /* Backup.swift in Sources */ = {isa = PBXBuildFile; fileRef = 7647ADA527900B13001B6308 /* Backup.swift */; };
/* End PBXBuildFile section */

/* Begin PBXContainerItemProxy section */
		7647AD7727900706001B6308 /* PBXContainerItemProxy */ = {
			isa = PBXContainerItemProxy;
			containerPortal = 7647AD5927900704001B6308 /* Project object */;
			proxyType = 1;
			remoteGlobalIDString = 7647AD6027900704001B6308;
			remoteInfo = SimpleBill;
		};
		7647AD8127900706001B6308 /* PBXContainerItemProxy */ = {
			isa = PBXContainerItemProxy;
			containerPortal = 7647AD5927900704001B6308 /* Project object */;
			proxyType = 1;
			remoteGlobalIDString = 7647AD6027900704001B6308;
			remoteInfo = SimpleBill;
		};
/* End PBXContainerItemProxy section */

/* Begin PBXFileReference section */
		7647AD6127900704001B6308 /* SimpleBill.app */ = {isa = PBXFileReference; explicitFileType = wrapper.application; includeInIndex = 0; path = SimpleBill.app; sourceTree = BUILT_PRODUCTS_DIR; };
		7647AD6427900704001B6308 /* SimpleBillApp.swift */ = {isa = PBXFileReference; lastKnownFileType = sourcecode.swift; path = SimpleBillApp.swift; sourceTree = "<group>"; };
		7647AD6627900704001B6308 /* ContentView.swift */ = {isa = PBXFileReference; lastKnownFileType = sourcecode.swift; path = ContentView.swift; sourceTree = "<group>"; };
		7647AD6827900706001B6308 /* Assets.xcassets */ = {isa = PBXFileReference; lastKnownFileType = folder.assetcatalog; path = Assets.xcassets; sourceTree = "<group>"; };
		7647AD6B27900706001B6308 /* Preview Assets.xcassets */ = {isa = PBXFileReference; lastKnownFileType = folder.assetcatalog; path = "Preview Assets.xcassets"; sourceTree = "<group>"; };
		7647AD6D27900706001B6308 /* Persistence.swift */ = {isa = PBXFileReference; lastKnownFileType = sourcecode.swift; path = Persistence.swift; sourceTree = "<group>"; };
		7647AD7027900706001B6308 /* SimpleBill.xcdatamodel */ = {isa = PBXFileReference; lastKnownFileType = wrapper.xcdatamodel; path = SimpleBill.xcdatamodel; sourceTree = "<group>"; };
		7647AD7627900706001B6308 /* SimpleBillTests.xctest */ = {isa = PBXFileReference; explicitFileType = wrapper.cfbundle; includeInIndex = 0; path = SimpleBillTests.xctest; sourceTree = BUILT_PRODUCTS_DIR; };
		7647AD7A27900706001B6308 /* SimpleBillTests.swift */ = {isa = PBXFileReference; lastKnownFileType = sourcecode.swift; path = SimpleBillTests.swift; sourceTree = "<group>"; };
		7647AD8027900706001B6308 /* SimpleBillUITests.xctest */ = {isa = PBXFileReference; explicitFileType = wrapper.cfbundle; includeInIndex = 0; path = SimpleBillUITests.xctest; sourceTree = BUILT_PRODUCTS_DIR; };
		7647AD8427900706001B6308 /* SimpleBillUITests.swift */ = {isa = PBXFileReference; lastKnownFileType = sourcecode.swift; path = SimpleBillUITests.swift; sourceTree = "<group>"; };
		7647AD8627900706001B6308 /* SimpleBillUITestsLaunchTests.swift */ = {isa = PBXFileReference; lastKnownFileType = sourcecode.swift; path = SimpleBillUITestsLaunchTests.swift; sourceTree = "<group>"; };
		7647AD9527900920001B6308 /* WriteOneBill.swift */ = {isa = PBXFileReference; lastKnownFileType = sourcecode.swift; path = WriteOneBill.swift; sourceTree = "<group>"; };
		7647AD972790092E001B6308 /* ReadBill.swift */ = {isa = PBXFileReference; lastKnownFileType = sourcecode.swift; path = ReadBill.swift; sourceTree = "<group>"; };
		7647AD9927900946001B6308 /* BillData.swift */ = {isa = PBXFileReference; lastKnownFileType = sourcecode.swift; path = BillData.swift; sourceTree = "<group>"; };
		7647AD9B27900973001B6308 /* TopMainCardView.swift */ = {isa = PBXFileReference; lastKnownFileType = sourcecode.swift; path = TopMainCardView.swift; sourceTree = "<group>"; };
		7647AD9D279009A6001B6308 /* BillCellView.swift */ = {isa = PBXFileReference; lastKnownFileType = sourcecode.swift; path = BillCellView.swift; sourceTree = "<group>"; };
		7647AD9F27900A28001B6308 /* HomeView.swift */ = {isa = PBXFileReference; lastKnownFileType = sourcecode.swift; path = HomeView.swift; sourceTree = "<group>"; };
		7647ADA527900B13001B6308 /* Backup.swift */ = {isa = PBXFileReference; lastKnownFileType = sourcecode.swift; path = Backup.swift; sourceTree = "<group>"; };
/* End PBXFileReference section */

/* Begin PBXFrameworksBuildPhase section */
		7647AD5E27900704001B6308 /* Frameworks */ = {
			isa = PBXFrameworksBuildPhase;
			buildActionMask = 2147483647;
			files = (
			);
			runOnlyForDeploymentPostprocessing = 0;
		};
		7647AD7327900706001B6308 /* Frameworks */ = {
			isa = PBXFrameworksBuildPhase;
			buildActionMask = 2147483647;
			files = (
			);
			runOnlyForDeploymentPostprocessing = 0;
		};
		7647AD7D27900706001B6308 /* Frameworks */ = {
			isa = PBXFrameworksBuildPhase;
			buildActionMask = 2147483647;
			files = (
			);
			runOnlyForDeploymentPostprocessing = 0;
		};
/* End PBXFrameworksBuildPhase section */

/* Begin PBXGroup section */
		7647AD5827900704001B6308 = {
			isa = PBXGroup;
			children = (
				7647AD6327900704001B6308 /* SimpleBill */,
				7647AD7927900706001B6308 /* SimpleBillTests */,
				7647AD8327900706001B6308 /* SimpleBillUITests */,
				7647AD6227900704001B6308 /* Products */,
			);
			sourceTree = "<group>";
		};
		7647AD6227900704001B6308 /* Products */ = {
			isa = PBXGroup;
			children = (
				7647AD6127900704001B6308 /* SimpleBill.app */,
				7647AD7627900706001B6308 /* SimpleBillTests.xctest */,
				7647AD8027900706001B6308 /* SimpleBillUITests.xctest */,
			);
			name = Products;
			sourceTree = "<group>";
		};
		7647AD6327900704001B6308 /* SimpleBill */ = {
			isa = PBXGroup;
			children = (
				7647AD9427900779001B6308 /* UI */,
				7647AD932790076D001B6308 /* UserData */,
				7647AD6427900704001B6308 /* SimpleBillApp.swift */,
				7647AD6627900704001B6308 /* ContentView.swift */,
				7647AD6827900706001B6308 /* Assets.xcassets */,
				7647AD6D27900706001B6308 /* Persistence.swift */,
				7647AD6F27900706001B6308 /* SimpleBill.xcdatamodeld */,
				7647AD6A27900706001B6308 /* Preview Content */,
				7647ADA527900B13001B6308 /* Backup.swift */,
			);
			path = SimpleBill;
			sourceTree = "<group>";
		};
		7647AD6A27900706001B6308 /* Preview Content */ = {
			isa = PBXGroup;
			children = (
				7647AD6B27900706001B6308 /* Preview Assets.xcassets */,
			);
			path = "Preview Content";
			sourceTree = "<group>";
		};
		7647AD7927900706001B6308 /* SimpleBillTests */ = {
			isa = PBXGroup;
			children = (
				7647AD7A27900706001B6308 /* SimpleBillTests.swift */,
			);
			path = SimpleBillTests;
			sourceTree = "<group>";
		};
		7647AD8327900706001B6308 /* SimpleBillUITests */ = {
			isa = PBXGroup;
			children = (
				7647AD8427900706001B6308 /* SimpleBillUITests.swift */,
				7647AD8627900706001B6308 /* SimpleBillUITestsLaunchTests.swift */,
			);
			path = SimpleBillUITests;
			sourceTree = "<group>";
		};
		7647AD932790076D001B6308 /* UserData */ = {
			isa = PBXGroup;
			children = (
				7647ADA427900A83001B6308 /* WriteRead */,
				7647ADA327900A76001B6308 /* CoreData */,
			);
			path = UserData;
			sourceTree = "<group>";
		};
		7647AD9427900779001B6308 /* UI */ = {
			isa = PBXGroup;
			children = (
				7647ADA127900A4F001B6308 /* Home */,
			);
			path = UI;
			sourceTree = "<group>";
		};
		7647ADA127900A4F001B6308 /* Home */ = {
			isa = PBXGroup;
			children = (
				7647ADA227900A62001B6308 /* SubView */,
				7647AD9F27900A28001B6308 /* HomeView.swift */,
			);
			path = Home;
			sourceTree = "<group>";
		};
		7647ADA227900A62001B6308 /* SubView */ = {
			isa = PBXGroup;
			children = (
				7647AD9B27900973001B6308 /* TopMainCardView.swift */,
				7647AD9D279009A6001B6308 /* BillCellView.swift */,
			);
			path = SubView;
			sourceTree = "<group>";
		};
		7647ADA327900A76001B6308 /* CoreData */ = {
			isa = PBXGroup;
			children = (
				7647AD9927900946001B6308 /* BillData.swift */,
			);
			path = CoreData;
			sourceTree = "<group>";
		};
		7647ADA427900A83001B6308 /* WriteRead */ = {
			isa = PBXGroup;
			children = (
				7647AD9527900920001B6308 /* WriteOneBill.swift */,
				7647AD972790092E001B6308 /* ReadBill.swift */,
			);
			path = WriteRead;
			sourceTree = "<group>";
		};
/* End PBXGroup section */

/* Begin PBXNativeTarget section */
		7647AD6027900704001B6308 /* SimpleBill */ = {
			isa = PBXNativeTarget;
			buildConfigurationList = 7647AD8A27900706001B6308 /* Build configuration list for PBXNativeTarget "SimpleBill" */;
			buildPhases = (
				7647AD5D27900704001B6308 /* Sources */,
				7647AD5E27900704001B6308 /* Frameworks */,
				7647AD5F27900704001B6308 /* Resources */,
			);
			buildRules = (
			);
			dependencies = (
			);
			name = SimpleBill;
			productName = SimpleBill;
			productReference = 7647AD6127900704001B6308 /* SimpleBill.app */;
			productType = "com.apple.product-type.application";
		};
		7647AD7527900706001B6308 /* SimpleBillTests */ = {
			isa = PBXNativeTarget;
			buildConfigurationList = 7647AD8D27900706001B6308 /* Build configuration list for PBXNativeTarget "SimpleBillTests" */;
			buildPhases = (
				7647AD7227900706001B6308 /* Sources */,
				7647AD7327900706001B6308 /* Frameworks */,
				7647AD7427900706001B6308 /* Resources */,
			);
			buildRules = (
			);
			dependencies = (
				7647AD7827900706001B6308 /* PBXTargetDependency */,
			);
			name = SimpleBillTests;
			productName = SimpleBillTests;
			productReference = 7647AD7627900706001B6308 /* SimpleBillTests.xctest */;
			productType = "com.apple.product-type.bundle.unit-test";
		};
		7647AD7F27900706001B6308 /* SimpleBillUITests */ = {
			isa = PBXNativeTarget;
			buildConfigurationList = 7647AD9027900706001B6308 /* Build configuration list for PBXNativeTarget "SimpleBillUITests" */;
			buildPhases = (
				7647AD7C27900706001B6308 /* Sources */,
				7647AD7D27900706001B6308 /* Frameworks */,
				7647AD7E27900706001B6308 /* Resources */,
			);
			buildRules = (
			);
			dependencies = (
				7647AD8227900706001B6308 /* PBXTargetDependency */,
			);
			name = SimpleBillUITests;
			productName = SimpleBillUITests;
			productReference = 7647AD8027900706001B6308 /* SimpleBillUITests.xctest */;
			productType = "com.apple.product-type.bundle.ui-testing";
		};
/* End PBXNativeTarget section */

/* Begin PBXProject section */
		7647AD5927900704001B6308 /* Project object */ = {
			isa = PBXProject;
			attributes = {
				BuildIndependentTargetsInParallel = 1;
				LastSwiftUpdateCheck = 1310;
				LastUpgradeCheck = 1310;
				TargetAttributes = {
					7647AD6027900704001B6308 = {
						CreatedOnToolsVersion = 13.1;
					};
					7647AD7527900706001B6308 = {
						CreatedOnToolsVersion = 13.1;
						TestTargetID = 7647AD6027900704001B6308;
					};
					7647AD7F27900706001B6308 = {
						CreatedOnToolsVersion = 13.1;
						TestTargetID = 7647AD6027900704001B6308;
					};
				};
			};
			buildConfigurationList = 7647AD5C27900704001B6308 /* Build configuration list for PBXProject "SimpleBill" */;
			compatibilityVersion = "Xcode 13.0";
			developmentRegion = en;
			hasScannedForEncodings = 0;
			knownRegions = (
				en,
				Base,
			);
			mainGroup = 7647AD5827900704001B6308;
			productRefGroup = 7647AD6227900704001B6308 /* Products */;
			projectDirPath = "";
			projectRoot = "";
			targets = (
				7647AD6027900704001B6308 /* SimpleBill */,
				7647AD7527900706001B6308 /* SimpleBillTests */,
				7647AD7F27900706001B6308 /* SimpleBillUITests */,
			);
		};
/* End PBXProject section */

/* Begin PBXResourcesBuildPhase section */
		7647AD5F27900704001B6308 /* Resources */ = {
			isa = PBXResourcesBuildPhase;
			buildActionMask = 2147483647;
			files = (
				7647AD6C27900706001B6308 /* Preview Assets.xcassets in Resources */,
				7647AD6927900706001B6308 /* Assets.xcassets in Resources */,
			);
			runOnlyForDeploymentPostprocessing = 0;
		};
		7647AD7427900706001B6308 /* Resources */ = {
			isa = PBXResourcesBuildPhase;
			buildActionMask = 2147483647;
			files = (
			);
			runOnlyForDeploymentPostprocessing = 0;
		};
		7647AD7E27900706001B6308 /* Resources */ = {
			isa = PBXResourcesBuildPhase;
			buildActionMask = 2147483647;
			files = (
			);
			runOnlyForDeploymentPostprocessing = 0;
		};
/* End PBXResourcesBuildPhase section */

/* Begin PBXSourcesBuildPhase section */
		7647AD5D27900704001B6308 /* Sources */ = {
			isa = PBXSourcesBuildPhase;
			buildActionMask = 2147483647;
			files = (
				7647AD9E279009A6001B6308 /* BillCellView.swift in Sources */,
				7647ADA627900B13001B6308 /* Backup.swift in Sources */,
				7647AD7127900706001B6308 /* SimpleBill.xcdatamodeld in Sources */,
				7647AD9A27900946001B6308 /* BillData.swift in Sources */,
				7647ADA027900A28001B6308 /* HomeView.swift in Sources */,
				7647AD6E27900706001B6308 /* Persistence.swift in Sources */,
				7647AD6727900704001B6308 /* ContentView.swift in Sources */,
				7647AD6527900704001B6308 /* SimpleBillApp.swift in Sources */,
				7647AD9C27900973001B6308 /* TopMainCardView.swift in Sources */,
				7647AD982790092E001B6308 /* ReadBill.swift in Sources */,
				7647AD9627900920001B6308 /* WriteOneBill.swift in Sources */,
			);
			runOnlyForDeploymentPostprocessing = 0;
		};
		7647AD7227900706001B6308 /* Sources */ = {
			isa = PBXSourcesBuildPhase;
			buildActionMask = 2147483647;
			files = (
				7647AD7B27900706001B6308 /* SimpleBillTests.swift in Sources */,
			);
			runOnlyForDeploymentPostprocessing = 0;
		};
		7647AD7C27900706001B6308 /* Sources */ = {
			isa = PBXSourcesBuildPhase;
			buildActionMask = 2147483647;
			files = (
				7647AD8527900706001B6308 /* SimpleBillUITests.swift in Sources */,
				7647AD8727900706001B6308 /* SimpleBillUITestsLaunchTests.swift in Sources */,
			);
			runOnlyForDeploymentPostprocessing = 0;
		};
/* End PBXSourcesBuildPhase section */

/* Begin PBXTargetDependency section */
		7647AD7827900706001B6308 /* PBXTargetDependency */ = {
			isa = PBXTargetDependency;
			target = 7647AD6027900704001B6308 /* SimpleBill */;
			targetProxy = 7647AD7727900706001B6308 /* PBXContainerItemProxy */;
		};
		7647AD8227900706001B6308 /* PBXTargetDependency */ = {
			isa = PBXTargetDependency;
			target = 7647AD6027900704001B6308 /* SimpleBill */;
			targetProxy = 7647AD8127900706001B6308 /* PBXContainerItemProxy */;
		};
/* End PBXTargetDependency section */

/* Begin XCBuildConfiguration section */
		7647AD8827900706001B6308 /* Debug */ = {
			isa = XCBuildConfiguration;
			buildSettings = {
				ALWAYS_SEARCH_USER_PATHS = NO;
				CLANG_ANALYZER_NONNULL = YES;
				CLANG_ANALYZER_NUMBER_OBJECT_CONVERSION = YES_AGGRESSIVE;
				CLANG_CXX_LANGUAGE_STANDARD = "gnu++17";
				CLANG_CXX_LIBRARY = "libc++";
				CLANG_ENABLE_MODULES = YES;
				CLANG_ENABLE_OBJC_ARC = YES;
				CLANG_ENABLE_OBJC_WEAK = YES;
				CLANG_WARN_BLOCK_CAPTURE_AUTORELEASING = YES;
				CLANG_WARN_BOOL_CONVERSION = YES;
				CLANG_WARN_COMMA = YES;
				CLANG_WARN_CONSTANT_CONVERSION = YES;
				CLANG_WARN_DEPRECATED_OBJC_IMPLEMENTATIONS = YES;
				CLANG_WARN_DIRECT_OBJC_ISA_USAGE = YES_ERROR;
				CLANG_WARN_DOCUMENTATION_COMMENTS = YES;
				CLANG_WARN_EMPTY_BODY = YES;
				CLANG_WARN_ENUM_CONVERSION = YES;
				CLANG_WARN_INFINITE_RECURSION = YES;
				CLANG_WARN_INT_CONVERSION = YES;
				CLANG_WARN_NON_LITERAL_NULL_CONVERSION = YES;
				CLANG_WARN_OBJC_IMPLICIT_RETAIN_SELF = YES;
				CLANG_WARN_OBJC_LITERAL_CONVERSION = YES;
				CLANG_WARN_OBJC_ROOT_CLASS = YES_ERROR;
				CLANG_WARN_QUOTED_INCLUDE_IN_FRAMEWORK_HEADER = YES;
				CLANG_WARN_RANGE_LOOP_ANALYSIS = YES;
				CLANG_WARN_STRICT_PROTOTYPES = YES;
				CLANG_WARN_SUSPICIOUS_MOVE = YES;
				CLANG_WARN_UNGUARDED_AVAILABILITY = YES_AGGRESSIVE;
				CLANG_WARN_UNREACHABLE_CODE = YES;
				CLANG_WARN__DUPLICATE_METHOD_MATCH = YES;
				COPY_PHASE_STRIP = NO;
				DEBUG_INFORMATION_FORMAT = dwarf;
				ENABLE_STRICT_OBJC_MSGSEND = YES;
				ENABLE_TESTABILITY = YES;
				GCC_C_LANGUAGE_STANDARD = gnu11;
				GCC_DYNAMIC_NO_PIC = NO;
				GCC_NO_COMMON_BLOCKS = YES;
				GCC_OPTIMIZATION_LEVEL = 0;
				GCC_PREPROCESSOR_DEFINITIONS = (
					"DEBUG=1",
					"$(inherited)",
				);
				GCC_WARN_64_TO_32_BIT_CONVERSION = YES;
				GCC_WARN_ABOUT_RETURN_TYPE = YES_ERROR;
				GCC_WARN_UNDECLARED_SELECTOR = YES;
				GCC_WARN_UNINITIALIZED_AUTOS = YES_AGGRESSIVE;
				GCC_WARN_UNUSED_FUNCTION = YES;
				GCC_WARN_UNUSED_VARIABLE = YES;
				IPHONEOS_DEPLOYMENT_TARGET = 15.0;
				MTL_ENABLE_DEBUG_INFO = INCLUDE_SOURCE;
				MTL_FAST_MATH = YES;
				ONLY_ACTIVE_ARCH = YES;
				SDKROOT = iphoneos;
				SWIFT_ACTIVE_COMPILATION_CONDITIONS = DEBUG;
				SWIFT_OPTIMIZATION_LEVEL = "-Onone";
			};
			name = Debug;
		};
		7647AD8927900706001B6308 /* Release */ = {
			isa = XCBuildConfiguration;
			buildSettings = {
				ALWAYS_SEARCH_USER_PATHS = NO;
				CLANG_ANALYZER_NONNULL = YES;
				CLANG_ANALYZER_NUMBER_OBJECT_CONVERSION = YES_AGGRESSIVE;
				CLANG_CXX_LANGUAGE_STANDARD = "gnu++17";
				CLANG_CXX_LIBRARY = "libc++";
				CLANG_ENABLE_MODULES = YES;
				CLANG_ENABLE_OBJC_ARC = YES;
				CLANG_ENABLE_OBJC_WEAK = YES;
				CLANG_WARN_BLOCK_CAPTURE_AUTORELEASING = YES;
				CLANG_WARN_BOOL_CONVERSION = YES;
				CLANG_WARN_COMMA = YES;
				CLANG_WARN_CONSTANT_CONVERSION = YES;
				CLANG_WARN_DEPRECATED_OBJC_IMPLEMENTATIONS = YES;
				CLANG_WARN_DIRECT_OBJC_ISA_USAGE = YES_ERROR;
				CLANG_WARN_DOCUMENTATION_COMMENTS = YES;
				CLANG_WARN_EMPTY_BODY = YES;
				CLANG_WARN_ENUM_CONVERSION = YES;
				CLANG_WARN_INFINITE_RECURSION = YES;
				CLANG_WARN_INT_CONVERSION = YES;
				CLANG_WARN_NON_LITERAL_NULL_CONVERSION = YES;
				CLANG_WARN_OBJC_IMPLICIT_RETAIN_SELF = YES;
				CLANG_WARN_OBJC_LITERAL_CONVERSION = YES;
				CLANG_WARN_OBJC_ROOT_CLASS = YES_ERROR;
				CLANG_WARN_QUOTED_INCLUDE_IN_FRAMEWORK_HEADER = YES;
				CLANG_WARN_RANGE_LOOP_ANALYSIS = YES;
				CLANG_WARN_STRICT_PROTOTYPES = YES;
				CLANG_WARN_SUSPICIOUS_MOVE = YES;
				CLANG_WARN_UNGUARDED_AVAILABILITY = YES_AGGRESSIVE;
				CLANG_WARN_UNREACHABLE_CODE = YES;
				CLANG_WARN__DUPLICATE_METHOD_MATCH = YES;
				COPY_PHASE_STRIP = NO;
				DEBUG_INFORMATION_FORMAT = "dwarf-with-dsym";
				ENABLE_NS_ASSERTIONS = NO;
				ENABLE_STRICT_OBJC_MSGSEND = YES;
				GCC_C_LANGUAGE_STANDARD = gnu11;
				GCC_NO_COMMON_BLOCKS = YES;
				GCC_WARN_64_TO_32_BIT_CONVERSION = YES;
				GCC_WARN_ABOUT_RETURN_TYPE = YES_ERROR;
				GCC_WARN_UNDECLARED_SELECTOR = YES;
				GCC_WARN_UNINITIALIZED_AUTOS = YES_AGGRESSIVE;
				GCC_WARN_UNUSED_FUNCTION = YES;
				GCC_WARN_UNUSED_VARIABLE = YES;
				IPHONEOS_DEPLOYMENT_TARGET = 15.0;
				MTL_ENABLE_DEBUG_INFO = NO;
				MTL_FAST_MATH = YES;
				SDKROOT = iphoneos;
				SWIFT_COMPILATION_MODE = wholemodule;
				SWIFT_OPTIMIZATION_LEVEL = "-O";
				VALIDATE_PRODUCT = YES;
			};
			name = Release;
		};
		7647AD8B27900706001B6308 /* Debug */ = {
			isa = XCBuildConfiguration;
			buildSettings = {
				ASSETCATALOG_COMPILER_APPICON_NAME = AppIcon;
				ASSETCATALOG_COMPILER_GLOBAL_ACCENT_COLOR_NAME = AccentColor;
				CODE_SIGN_STYLE = Automatic;
				CURRENT_PROJECT_VERSION = 1;
				DEVELOPMENT_ASSET_PATHS = "\"SimpleBill/Preview Content\"";
				DEVELOPMENT_TEAM = Y7Y3A7L8AT;
				ENABLE_PREVIEWS = YES;
				GENERATE_INFOPLIST_FILE = YES;
				INFOPLIST_KEY_UIApplicationSceneManifest_Generation = YES;
				INFOPLIST_KEY_UIApplicationSupportsIndirectInputEvents = YES;
				INFOPLIST_KEY_UILaunchScreen_Generation = YES;
				INFOPLIST_KEY_UISupportedInterfaceOrientations_iPad = "UIInterfaceOrientationPortrait UIInterfaceOrientationPortraitUpsideDown UIInterfaceOrientationLandscapeLeft UIInterfaceOrientationLandscapeRight";
				INFOPLIST_KEY_UISupportedInterfaceOrientations_iPhone = "UIInterfaceOrientationPortrait UIInterfaceOrientationLandscapeLeft UIInterfaceOrientationLandscapeRight";
				LD_RUNPATH_SEARCH_PATHS = (
					"$(inherited)",
					"@executable_path/Frameworks",
				);
				MARKETING_VERSION = 1.0;
				PRODUCT_BUNDLE_IDENTIFIER = com.chenyao.SimpleBill;
				PRODUCT_NAME = "$(TARGET_NAME)";
				SWIFT_EMIT_LOC_STRINGS = YES;
				SWIFT_VERSION = 5.0;
				TARGETED_DEVICE_FAMILY = "1,2";
			};
			name = Debug;
		};
		7647AD8C27900706001B6308 /* Release */ = {
			isa = XCBuildConfiguration;
			buildSettings = {
				ASSETCATALOG_COMPILER_APPICON_NAME = AppIcon;
				ASSETCATALOG_COMPILER_GLOBAL_ACCENT_COLOR_NAME = AccentColor;
				CODE_SIGN_STYLE = Automatic;
				CURRENT_PROJECT_VERSION = 1;
				DEVELOPMENT_ASSET_PATHS = "\"SimpleBill/Preview Content\"";
				DEVELOPMENT_TEAM = Y7Y3A7L8AT;
				ENABLE_PREVIEWS = YES;
				GENERATE_INFOPLIST_FILE = YES;
				INFOPLIST_KEY_UIApplicationSceneManifest_Generation = YES;
				INFOPLIST_KEY_UIApplicationSupportsIndirectInputEvents = YES;
				INFOPLIST_KEY_UILaunchScreen_Generation = YES;
				INFOPLIST_KEY_UISupportedInterfaceOrientations_iPad = "UIInterfaceOrientationPortrait UIInterfaceOrientationPortraitUpsideDown UIInterfaceOrientationLandscapeLeft UIInterfaceOrientationLandscapeRight";
				INFOPLIST_KEY_UISupportedInterfaceOrientations_iPhone = "UIInterfaceOrientationPortrait UIInterfaceOrientationLandscapeLeft UIInterfaceOrientationLandscapeRight";
				LD_RUNPATH_SEARCH_PATHS = (
					"$(inherited)",
					"@executable_path/Frameworks",
				);
				MARKETING_VERSION = 1.0;
				PRODUCT_BUNDLE_IDENTIFIER = com.chenyao.SimpleBill;
				PRODUCT_NAME = "$(TARGET_NAME)";
				SWIFT_EMIT_LOC_STRINGS = YES;
				SWIFT_VERSION = 5.0;
				TARGETED_DEVICE_FAMILY = "1,2";
			};
			name = Release;
		};
		7647AD8E27900706001B6308 /* Debug */ = {
			isa = XCBuildConfiguration;
			buildSettings = {
				ALWAYS_EMBED_SWIFT_STANDARD_LIBRARIES = YES;
				BUNDLE_LOADER = "$(TEST_HOST)";
				CODE_SIGN_STYLE = Automatic;
				CURRENT_PROJECT_VERSION = 1;
				DEVELOPMENT_TEAM = Y7Y3A7L8AT;
				GENERATE_INFOPLIST_FILE = YES;
				IPHONEOS_DEPLOYMENT_TARGET = 15.0;
				LD_RUNPATH_SEARCH_PATHS = (
					"$(inherited)",
					"@executable_path/Frameworks",
					"@loader_path/Frameworks",
				);
				MARKETING_VERSION = 1.0;
				PRODUCT_BUNDLE_IDENTIFIER = com.chenyao.SimpleBillTests;
				PRODUCT_NAME = "$(TARGET_NAME)";
				SWIFT_EMIT_LOC_STRINGS = NO;
				SWIFT_VERSION = 5.0;
				TARGETED_DEVICE_FAMILY = "1,2";
				TEST_HOST = "$(BUILT_PRODUCTS_DIR)/SimpleBill.app/SimpleBill";
			};
			name = Debug;
		};
		7647AD8F27900706001B6308 /* Release */ = {
			isa = XCBuildConfiguration;
			buildSettings = {
				ALWAYS_EMBED_SWIFT_STANDARD_LIBRARIES = YES;
				BUNDLE_LOADER = "$(TEST_HOST)";
				CODE_SIGN_STYLE = Automatic;
				CURRENT_PROJECT_VERSION = 1;
				DEVELOPMENT_TEAM = Y7Y3A7L8AT;
				GENERATE_INFOPLIST_FILE = YES;
				IPHONEOS_DEPLOYMENT_TARGET = 15.0;
				LD_RUNPATH_SEARCH_PATHS = (
					"$(inherited)",
					"@executable_path/Frameworks",
					"@loader_path/Frameworks",
				);
				MARKETING_VERSION = 1.0;
				PRODUCT_BUNDLE_IDENTIFIER = com.chenyao.SimpleBillTests;
				PRODUCT_NAME = "$(TARGET_NAME)";
				SWIFT_EMIT_LOC_STRINGS = NO;
				SWIFT_VERSION = 5.0;
				TARGETED_DEVICE_FAMILY = "1,2";
				TEST_HOST = "$(BUILT_PRODUCTS_DIR)/SimpleBill.app/SimpleBill";
			};
			name = Release;
		};
		7647AD9127900706001B6308 /* Debug */ = {
			isa = XCBuildConfiguration;
			buildSettings = {
				ALWAYS_EMBED_SWIFT_STANDARD_LIBRARIES = YES;
				CODE_SIGN_STYLE = Automatic;
				CURRENT_PROJECT_VERSION = 1;
				DEVELOPMENT_TEAM = Y7Y3A7L8AT;
				GENERATE_INFOPLIST_FILE = YES;
				LD_RUNPATH_SEARCH_PATHS = (
					"$(inherited)",
					"@executable_path/Frameworks",
					"@loader_path/Frameworks",
				);
				MARKETING_VERSION = 1.0;
				PRODUCT_BUNDLE_IDENTIFIER = com.chenyao.SimpleBillUITests;
				PRODUCT_NAME = "$(TARGET_NAME)";
				SWIFT_EMIT_LOC_STRINGS = NO;
				SWIFT_VERSION = 5.0;
				TARGETED_DEVICE_FAMILY = "1,2";
				TEST_TARGET_NAME = SimpleBill;
			};
			name = Debug;
		};
		7647AD9227900706001B6308 /* Release */ = {
			isa = XCBuildConfiguration;
			buildSettings = {
				ALWAYS_EMBED_SWIFT_STANDARD_LIBRARIES = YES;
				CODE_SIGN_STYLE = Automatic;
				CURRENT_PROJECT_VERSION = 1;
				DEVELOPMENT_TEAM = Y7Y3A7L8AT;
				GENERATE_INFOPLIST_FILE = YES;
				LD_RUNPATH_SEARCH_PATHS = (
					"$(inherited)",
					"@executable_path/Frameworks",
					"@loader_path/Frameworks",
				);
				MARKETING_VERSION = 1.0;
				PRODUCT_BUNDLE_IDENTIFIER = com.chenyao.SimpleBillUITests;
				PRODUCT_NAME = "$(TARGET_NAME)";
				SWIFT_EMIT_LOC_STRINGS = NO;
				SWIFT_VERSION = 5.0;
				TARGETED_DEVICE_FAMILY = "1,2";
				TEST_TARGET_NAME = SimpleBill;
			};
			name = Release;
		};
/* End XCBuildConfiguration section */

/* Begin XCConfigurationList section */
		7647AD5C27900704001B6308 /* Build configuration list for PBXProject "SimpleBill" */ = {
			isa = XCConfigurationList;
			buildConfigurations = (
				7647AD8827900706001B6308 /* Debug */,
				7647AD8927900706001B6308 /* Release */,
			);
			defaultConfigurationIsVisible = 0;
			defaultConfigurationName = Release;
		};
		7647AD8A27900706001B6308 /* Build configuration list for PBXNativeTarget "SimpleBill" */ = {
			isa = XCConfigurationList;
			buildConfigurations = (
				7647AD8B27900706001B6308 /* Debug */,
				7647AD8C27900706001B6308 /* Release */,
			);
			defaultConfigurationIsVisible = 0;
			defaultConfigurationName = Release;
		};
		7647AD8D27900706001B6308 /* Build configuration list for PBXNativeTarget "SimpleBillTests" */ = {
			isa = XCConfigurationList;
			buildConfigurations = (
				7647AD8E27900706001B6308 /* Debug */,
				7647AD8F27900706001B6308 /* Release */,
			);
			defaultConfigurationIsVisible = 0;
			defaultConfigurationName = Release;
		};
		7647AD9027900706001B6308 /* Build configuration list for PBXNativeTarget "SimpleBillUITests" */ = {
			isa = XCConfigurationList;
			buildConfigurations = (
				7647AD9127900706001B6308 /* Debug */,
				7647AD9227900706001B6308 /* Release */,
			);
			defaultConfigurationIsVisible = 0;
			defaultConfigurationName = Release;
		};
/* End XCConfigurationList section */

/* Begin XCVersionGroup section */
		7647AD6F27900706001B6308 /* SimpleBill.xcdatamodeld */ = {
			isa = XCVersionGroup;
			children = (
				7647AD7027900706001B6308 /* SimpleBill.xcdatamodel */,
			);
			currentVersion = 7647AD7027900706001B6308 /* SimpleBill.xcdatamodel */;
			path = SimpleBill.xcdatamodeld;
			sourceTree = "<group>";
			versionGroupType = wrapper.xcdatamodel;
		};
/* End XCVersionGroup section */
	};
	rootObject = 7647AD5927900704001B6308 /* Project object */;
}
